
Microsoft Visual Studio Solution File, Format Version 12.00
# Visual Studio Version 16
VisualStudioVersion = 16.0.31624.102
MinimumVisualStudioVersion = 10.0.40219.1
Project("{FAE04EC0-301F-11D3-BF4B-00C04F79EFBC}") = "app", "app\app.csproj", "{6E94C5B5-FF5B-4508-9737-F368D5EE820B}"
EndProject
Global
	GlobalSection(SolutionConfigurationPlatforms) = preSolution
		Debug|Any CPU = Debug|Any CPU
		Release|Any CPU = Release|Any CPU
	EndGlobalSection
	GlobalSection(ProjectConfigurationPlatforms) = postSolution
		{6E94C5B5-FF5B-4508-9737-F368D5EE820B}.Debug|Any CPU.ActiveCfg = Debug|Any CPU
		{6E94C5B5-FF5B-4508-9737-F368D5EE820B}.Debug|Any CPU.Build.0 = Debug|Any CPU
		{6E94C5B5-FF5B-4508-9737-F368D5EE820B}.Release|Any CPU.ActiveCfg = Release|Any CPU
		{6E94C5B5-FF5B-4508-9737-F368D5EE820B}.Release|Any CPU.Build.0 = Release|Any CPU
	EndGlobalSection
	GlobalSection(SolutionProperties) = preSolution
		HideSolutionNode = FALSE
	EndGlobalSection
	GlobalSection(ExtensibilityGlobals) = postSolution
		SolutionGuid = {035CD6E0-09AD-45E6-AFFB-BCA1C83648B4}
	EndGlobalSection
EndGlobal
